// !$*UTF8*$!
{
	archiveVersion = 1;
	classes = {
	};
	objectVersion = 50;
	objects = {

/* Begin PBXBuildFile section */
		9AED6B91250B681800708A81 /* AppDelegate.swift in Sources */ = {isa = PBXBuildFile; fileRef = 9AED6B90250B681800708A81 /* AppDelegate.swift */; };
		9AED6B93250B681800708A81 /* ViewController.swift in Sources */ = {isa = PBXBuildFile; fileRef = 9AED6B92250B681800708A81 /* ViewController.swift */; };
		9AED6B96250B681800708A81 /* Main.storyboard in Resources */ = {isa = PBXBuildFile; fileRef = 9AED6B94250B681800708A81 /* Main.storyboard */; };
		9AED6B98250B681900708A81 /* Assets.xcassets in Resources */ = {isa = PBXBuildFile; fileRef = 9AED6B97250B681900708A81 /* Assets.xcassets */; };
		9AED6B9B250B681900708A81 /* LaunchScreen.storyboard in Resources */ = {isa = PBXBuildFile; fileRef = 9AED6B99250B681900708A81 /* LaunchScreen.storyboard */; };
		9AED6BA4250B687D00708A81 /* SlideUpMenu.swift in Sources */ = {isa = PBXBuildFile; fileRef = 9AED6BA2250B687C00708A81 /* SlideUpMenu.swift */; };
		9AED6BA5250B687D00708A81 /* SlideUpMenu.xib in Resources */ = {isa = PBXBuildFile; fileRef = 9AED6BA3250B687C00708A81 /* SlideUpMenu.xib */; };
/* End PBXBuildFile section */

/* Begin PBXFileReference section */
		9AED6B8D250B681800708A81 /* slideupMenu.app */ = {isa = PBXFileReference; explicitFileType = wrapper.application; includeInIndex = 0; path = slideupMenu.app; sourceTree = BUILT_PRODUCTS_DIR; };
		9AED6B90250B681800708A81 /* AppDelegate.swift */ = {isa = PBXFileReference; lastKnownFileType = sourcecode.swift; path = AppDelegate.swift; sourceTree = "<group>"; };
		9AED6B92250B681800708A81 /* ViewController.swift */ = {isa = PBXFileReference; lastKnownFileType = sourcecode.swift; path = ViewController.swift; sourceTree = "<group>"; };
		9AED6B95250B681800708A81 /* Base */ = {isa = PBXFileReference; lastKnownFileType = file.storyboard; name = Base; path = Base.lproj/Main.storyboard; sourceTree = "<group>"; };
		9AED6B97250B681900708A81 /* Assets.xcassets */ = {isa = PBXFileReference; lastKnownFileType = folder.assetcatalog; path = Assets.xcassets; sourceTree = "<group>"; };
		9AED6B9A250B681900708A81 /* Base */ = {isa = PBXFileReference; lastKnownFileType = file.storyboard; name = Base; path = Base.lproj/LaunchScreen.storyboard; sourceTree = "<group>"; };
		9AED6B9C250B681900708A81 /* Info.plist */ = {isa = PBXFileReference; lastKnownFileType = text.plist.xml; path = Info.plist; sourceTree = "<group>"; };
		9AED6BA2250B687C00708A81 /* SlideUpMenu.swift */ = {isa = PBXFileReference; fileEncoding = 4; lastKnownFileType = sourcecode.swift; path = SlideUpMenu.swift; sourceTree = "<group>"; };
		9AED6BA3250B687C00708A81 /* SlideUpMenu.xib */ = {isa = PBXFileReference; fileEncoding = 4; lastKnownFileType = file.xib; path = SlideUpMenu.xib; sourceTree = "<group>"; };
/* End PBXFileReference section */

/* Begin PBXFrameworksBuildPhase section */
		9AED6B8A250B681800708A81 /* Frameworks */ = {
			isa = PBXFrameworksBuildPhase;
			buildActionMask = 2147483647;
			files = (
			);
			runOnlyForDeploymentPostprocessing = 0;
		};
/* End PBXFrameworksBuildPhase section */

/* Begin PBXGroup section */
		9AED6B84250B681800708A81 = {
			isa = PBXGroup;
			children = (
				9AED6B8F250B681800708A81 /* slideupMenu */,
				9AED6B8E250B681800708A81 /* Products */,
			);
			sourceTree = "<group>";
		};
		9AED6B8E250B681800708A81 /* Products */ = {
			isa = PBXGroup;
			children = (
				9AED6B8D250B681800708A81 /* slideupMenu.app */,
			);
			name = Products;
			sourceTree = "<group>";
		};
		9AED6B8F250B681800708A81 /* slideupMenu */ = {
			isa = PBXGroup;
			children = (
				9AED6BA2250B687C00708A81 /* SlideUpMenu.swift */,
				9AED6BA3250B687C00708A81 /* SlideUpMenu.xib */,
				9AED6B90250B681800708A81 /* AppDelegate.swift */,
				9AED6B92250B681800708A81 /* ViewController.swift */,
				9AED6B94250B681800708A81 /* Main.storyboard */,
				9AED6B97250B681900708A81 /* Assets.xcassets */,
				9AED6B99250B681900708A81 /* LaunchScreen.storyboard */,
				9AED6B9C250B681900708A81 /* Info.plist */,
			);
			path = slideupMenu;
			sourceTree = "<group>";
		};
/* End PBXGroup section */

/* Begin PBXNativeTarget section */
		9AED6B8C250B681800708A81 /* slideupMenu */ = {
			isa = PBXNativeTarget;
			buildConfigurationList = 9AED6B9F250B681900708A81 /* Build configuration list for PBXNativeTarget "slideupMenu" */;
			buildPhases = (
				9AED6B89250B681800708A81 /* Sources */,
				9AED6B8A250B681800708A81 /* Frameworks */,
				9AED6B8B250B681800708A81 /* Resources */,
			);
			buildRules = (
			);
			dependencies = (
			);
			name = slideupMenu;
			productName = slideupMenu;
			productReference = 9AED6B8D250B681800708A81 /* slideupMenu.app */;
			productType = "com.apple.product-type.application";
		};
/* End PBXNativeTarget section */

/* Begin PBXProject section */
		9AED6B85250B681800708A81 /* Project object */ = {
			isa = PBXProject;
			attributes = {
				LastSwiftUpdateCheck = 1010;
				LastUpgradeCheck = 1010;
				ORGANIZATIONNAME = rose;
				TargetAttributes = {
					9AED6B8C250B681800708A81 = {
						CreatedOnToolsVersion = 10.1;
					};
				};
			};
			buildConfigurationList = 9AED6B88250B681800708A81 /* Build configuration list for PBXProject "slideupMenu" */;
			compatibilityVersion = "Xcode 9.3";
			developmentRegion = en;
			hasScannedForEncodings = 0;
			knownRegions = (
				en,
				Base,
			);
			mainGroup = 9AED6B84250B681800708A81;
			productRefGroup = 9AED6B8E250B681800708A81 /* Products */;
			projectDirPath = "";
			projectRoot = "";
			targets = (
				9AED6B8C250B681800708A81 /* slideupMenu */,
			);
		};
/* End PBXProject section */

/* Begin PBXResourcesBuildPhase section */
		9AED6B8B250B681800708A81 /* Resources */ = {
			isa = PBXResourcesBuildPhase;
			buildActionMask = 2147483647;
			files = (
				9AED6B9B250B681900708A81 /* LaunchScreen.storyboard in Resources */,
				9AED6B98250B681900708A81 /* Assets.xcassets in Resources */,
				9AED6B96250B681800708A81 /* Main.storyboard in Resources */,
				9AED6BA5250B687D00708A81 /* SlideUpMenu.xib in Resources */,
			);
			runOnlyForDeploymentPostprocessing = 0;
		};
/* End PBXResourcesBuildPhase section */

/* Begin PBXSourcesBuildPhase section */
		9AED6B89250B681800708A81 /* Sources */ = {
			isa = PBXSourcesBuildPhase;
			buildActionMask = 2147483647;
			files = (
				9AED6B93250B681800708A81 /* ViewController.swift in Sources */,
				9AED6B91250B681800708A81 /* AppDelegate.swift in Sources */,
				9AED6BA4250B687D00708A81 /* SlideUpMenu.swift in Sources */,
			);
			runOnlyForDeploymentPostprocessing = 0;
		};
/* End PBXSourcesBuildPhase section */

/* Begin PBXVariantGroup section */
		9AED6B94250B681800708A81 /* Main.storyboard */ = {
			isa = PBXVariantGroup;
			children = (
				9AED6B95250B681800708A81 /* Base */,
			);
			name = Main.storyboard;
			sourceTree = "<group>";
		};
		9AED6B99250B681900708A81 /* LaunchScreen.storyboard */ = {
			isa = PBXVariantGroup;
			children = (
				9AED6B9A250B681900708A81 /* Base */,
			);
			name = LaunchScreen.storyboard;
			sourceTree = "<group>";
		};
/* End PBXVariantGroup section */

/* Begin XCBuildConfiguration section */
		9AED6B9D250B681900708A81 /* Debug */ = {
			isa = XCBuildConfiguration;
			buildSettings = {
				ALWAYS_SEARCH_USER_PATHS = NO;
				CLANG_ANALYZER_NONNULL = YES;
				CLANG_ANALYZER_NUMBER_OBJECT_CONVERSION = YES_AGGRESSIVE;
				CLANG_CXX_LANGUAGE_STANDARD = "gnu++14";
				CLANG_CXX_LIBRARY = "libc++";
				CLANG_ENABLE_MODULES = YES;
				CLANG_ENABLE_OBJC_ARC = YES;
				CLANG_ENABLE_OBJC_WEAK = YES;
				CLANG_WARN_BLOCK_CAPTURE_AUTORELEASING = YES;
				CLANG_WARN_BOOL_CONVERSION = YES;
				CLANG_WARN_COMMA = YES;
				CLANG_WARN_CONSTANT_CONVERSION = YES;
				CLANG_WARN_DEPRECATED_OBJC_IMPLEMENTATIONS = YES;
				CLANG_WARN_DIRECT_OBJC_ISA_USAGE = YES_ERROR;
				CLANG_WARN_DOCUMENTATION_COMMENTS = YES;
				CLANG_WARN_EMPTY_BODY = YES;
				CLANG_WARN_ENUM_CONVERSION = YES;
				CLANG_WARN_INFINITE_RECURSION = YES;
				CLANG_WARN_INT_CONVERSION = YES;
				CLANG_WARN_NON_LITERAL_NULL_CONVERSION = YES;
				CLANG_WARN_OBJC_IMPLICIT_RETAIN_SELF = YES;
				CLANG_WARN_OBJC_LITERAL_CONVERSION = YES;
				CLANG_WARN_OBJC_ROOT_CLASS = YES_ERROR;
				CLANG_WARN_RANGE_LOOP_ANALYSIS = YES;
				CLANG_WARN_STRICT_PROTOTYPES = YES;
				CLANG_WARN_SUSPICIOUS_MOVE = YES;
				CLANG_WARN_UNGUARDED_AVAILABILITY = YES_AGGRESSIVE;
				CLANG_WARN_UNREACHABLE_CODE = YES;
				CLANG_WARN__DUPLICATE_METHOD_MATCH = YES;
				CODE_SIGN_IDENTITY = "iPhone Developer";
				COPY_PHASE_STRIP = NO;
				DEBUG_INFORMATION_FORMAT = dwarf;
				ENABLE_STRICT_OBJC_MSGSEND = YES;
				ENABLE_TESTABILITY = YES;
				GCC_C_LANGUAGE_STANDARD = gnu11;
				GCC_DYNAMIC_NO_PIC = NO;
				GCC_NO_COMMON_BLOCKS = YES;
				GCC_OPTIMIZATION_LEVEL = 0;
				GCC_PREPROCESSOR_DEFINITIONS = (
					"DEBUG=1",
					"$(inherited)",
				);
				GCC_WARN_64_TO_32_BIT_CONVERSION = YES;
				GCC_WARN_ABOUT_RETURN_TYPE = YES_ERROR;
				GCC_WARN_UNDECLARED_SELECTOR = YES;
				GCC_WARN_UNINITIALIZED_AUTOS = YES_AGGRESSIVE;
				GCC_WARN_UNUSED_FUNCTION = YES;
				GCC_WARN_UNUSED_VARIABLE = YES;
				IPHONEOS_DEPLOYMENT_TARGET = 12.1;
				MTL_ENABLE_DEBUG_INFO = INCLUDE_SOURCE;
				MTL_FAST_MATH = YES;
				ONLY_ACTIVE_ARCH = YES;
				SDKROOT = iphoneos;
				SWIFT_ACTIVE_COMPILATION_CONDITIONS = DEBUG;
				SWIFT_OPTIMIZATION_LEVEL = "-Onone";
			};
			name = Debug;
		};
		9AED6B9E250B681900708A81 /* Release */ = {
			isa = XCBuildConfiguration;
			buildSettings = {
				ALWAYS_SEARCH_USER_PATHS = NO;
				CLANG_ANALYZER_NONNULL = YES;
				CLANG_ANALYZER_NUMBER_OBJECT_CONVERSION = YES_AGGRESSIVE;
				CLANG_CXX_LANGUAGE_STANDARD = "gnu++14";
				CLANG_CXX_LIBRARY = "libc++";
				CLANG_ENABLE_MODULES = YES;
				CLANG_ENABLE_OBJC_ARC = YES;
				CLANG_ENABLE_OBJC_WEAK = YES;
				CLANG_WARN_BLOCK_CAPTURE_AUTORELEASING = YES;
				CLANG_WARN_BOOL_CONVERSION = YES;
				CLANG_WARN_COMMA = YES;
				CLANG_WARN_CONSTANT_CONVERSION = YES;
				CLANG_WARN_DEPRECATED_OBJC_IMPLEMENTATIONS = YES;
				CLANG_WARN_DIRECT_OBJC_ISA_USAGE = YES_ERROR;
				CLANG_WARN_DOCUMENTATION_COMMENTS = YES;
				CLANG_WARN_EMPTY_BODY = YES;
				CLANG_WARN_ENUM_CONVERSION = YES;
				CLANG_WARN_INFINITE_RECURSION = YES;
				CLANG_WARN_INT_CONVERSION = YES;
				CLANG_WARN_NON_LITERAL_NULL_CONVERSION = YES;
				CLANG_WARN_OBJC_IMPLICIT_RETAIN_SELF = YES;
				CLANG_WARN_OBJC_LITERAL_CONVERSION = YES;
				CLANG_WARN_OBJC_ROOT_CLASS = YES_ERROR;
				CLANG_WARN_RANGE_LOOP_ANALYSIS = YES;
				CLANG_WARN_STRICT_PROTOTYPES = YES;
				CLANG_WARN_SUSPICIOUS_MOVE = YES;
				CLANG_WARN_UNGUARDED_AVAILABILITY = YES_AGGRESSIVE;
				CLANG_WARN_UNREACHABLE_CODE = YES;
				CLANG_WARN__DUPLICATE_METHOD_MATCH = YES;
				CODE_SIGN_IDENTITY = "iPhone Developer";
				COPY_PHASE_STRIP = NO;
				DEBUG_INFORMATION_FORMAT = "dwarf-with-dsym";
				ENABLE_NS_ASSERTIONS = NO;
				ENABLE_STRICT_OBJC_MSGSEND = YES;
				GCC_C_LANGUAGE_STANDARD = gnu11;
				GCC_NO_COMMON_BLOCKS = YES;
				GCC_WARN_64_TO_32_BIT_CONVERSION = YES;
				GCC_WARN_ABOUT_RETURN_TYPE = YES_ERROR;
				GCC_WARN_UNDECLARED_SELECTOR = YES;
				GCC_WARN_UNINITIALIZED_AUTOS = YES_AGGRESSIVE;
				GCC_WARN_UNUSED_FUNCTION = YES;
				GCC_WARN_UNUSED_VARIABLE = YES;
				IPHONEOS_DEPLOYMENT_TARGET = 12.1;
				MTL_ENABLE_DEBUG_INFO = NO;
				MTL_FAST_MATH = YES;
				SDKROOT = iphoneos;
				SWIFT_COMPILATION_MODE = wholemodule;
				SWIFT_OPTIMIZATION_LEVEL = "-O";
				VALIDATE_PRODUCT = YES;
			};
			name = Release;
		};
		9AED6BA0250B681900708A81 /* Debug */ = {
			isa = XCBuildConfiguration;
			buildSettings = {
				ASSETCATALOG_COMPILER_APPICON_NAME = AppIcon;
				CODE_SIGN_STYLE = Automatic;
				INFOPLIST_FILE = slideupMenu/Info.plist;
				LD_RUNPATH_SEARCH_PATHS = (
					"$(inherited)",
					"@executable_path/Frameworks",
				);
				PRODUCT_BUNDLE_IDENTIFIER = com.rose.slideupMenu;
				PRODUCT_NAME = "$(TARGET_NAME)";
				SWIFT_VERSION = 4.2;
				TARGETED_DEVICE_FAMILY = "1,2";
			};
			name = Debug;
		};
		9AED6BA1250B681900708A81 /* Release */ = {
			isa = XCBuildConfiguration;
			buildSettings = {
				ASSETCATALOG_COMPILER_APPICON_NAME = AppIcon;
				CODE_SIGN_STYLE = Automatic;
				INFOPLIST_FILE = slideupMenu/Info.plist;
				LD_RUNPATH_SEARCH_PATHS = (
					"$(inherited)",
					"@executable_path/Frameworks",
				);
				PRODUCT_BUNDLE_IDENTIFIER = com.rose.slideupMenu;
				PRODUCT_NAME = "$(TARGET_NAME)";
				SWIFT_VERSION = 4.2;
				TARGETED_DEVICE_FAMILY = "1,2";
			};
			name = Release;
		};
/* End XCBuildConfiguration section */

/* Begin XCConfigurationList section */
		9AED6B88250B681800708A81 /* Build configuration list for PBXProject "slideupMenu" */ = {
			isa = XCConfigurationList;
			buildConfigurations = (
				9AED6B9D250B681900708A81 /* Debug */,
				9AED6B9E250B681900708A81 /* Release */,
			);
			defaultConfigurationIsVisible = 0;
			defaultConfigurationName = Release;
		};
		9AED6B9F250B681900708A81 /* Build configuration list for PBXNativeTarget "slideupMenu" */ = {
			isa = XCConfigurationList;
			buildConfigurations = (
				9AED6BA0250B681900708A81 /* Debug */,
				9AED6BA1250B681900708A81 /* Release */,
			);
			defaultConfigurationIsVisible = 0;
			defaultConfigurationName = Release;
		};
/* End XCConfigurationList section */
	};
	rootObject = 9AED6B85250B681800708A81 /* Project object */;
}
